
Microsoft Visual Studio Solution File, Format Version 12.00
# Visual Studio Version 16
VisualStudioVersion = 16.0.31515.178
MinimumVisualStudioVersion = 10.0.40219.1
Project("{FAE04EC0-301F-11D3-BF4B-00C04F79EFBC}") = "M_Model", "M_Model.csproj", "{6574D908-9F99-4ED7-A107-4BBC5D71AAEA}"
EndProject
Global
	GlobalSection(SolutionConfigurationPlatforms) = preSolution
		Debug|Any CPU = Debug|Any CPU
		Release|Any CPU = Release|Any CPU
	EndGlobalSection
	GlobalSection(ProjectConfigurationPlatforms) = postSolution
		{6574D908-9F99-4ED7-A107-4BBC5D71AAEA}.Debug|Any CPU.ActiveCfg = Debug|Any CPU
		{6574D908-9F99-4ED7-A107-4BBC5D71AAEA}.Debug|Any CPU.Build.0 = Debug|Any CPU
		{6574D908-9F99-4ED7-A107-4BBC5D71AAEA}.Release|Any CPU.ActiveCfg = Release|Any CPU
		{6574D908-9F99-4ED7-A107-4BBC5D71AAEA}.Release|Any CPU.Build.0 = Release|Any CPU
	EndGlobalSection
	GlobalSection(SolutionProperties) = preSolution
		HideSolutionNode = FALSE
	EndGlobalSection
	GlobalSection(ExtensibilityGlobals) = postSolution
		SolutionGuid = {BD470F7A-E023-4A07-8CCA-BF7D193A842D}
	EndGlobalSection
EndGlobal
